// !$*UTF8*$!
{
	archiveVersion = 1;
	classes = {
	};
	objectVersion = 56;
	objects = {

/* Begin PBXBuildFile section */
		F26F70CE2A66484400E33C6C /* OneWayBinding.swift in Sources */ = {isa = PBXBuildFile; fileRef = F26F70CD2A66484400E33C6C /* OneWayBinding.swift */; };
		F26F70D12A664DEA00E33C6C /* TwoWayBinding.swift in Sources */ = {isa = PBXBuildFile; fileRef = F26F70D02A664DEA00E33C6C /* TwoWayBinding.swift */; };
		F26F70D42A6651D400E33C6C /* InputView.swift in Sources */ = {isa = PBXBuildFile; fileRef = F26F70D32A6651D400E33C6C /* InputView.swift */; };
		F26F70D62A66546400E33C6C /* ViewModel.swift in Sources */ = {isa = PBXBuildFile; fileRef = F26F70D52A66546400E33C6C /* ViewModel.swift */; };
		F26F70D82A66554300E33C6C /* ObservableList.swift in Sources */ = {isa = PBXBuildFile; fileRef = F26F70D72A66554300E33C6C /* ObservableList.swift */; };
		F26F70DA2A665C9500E33C6C /* Enviroment.swift in Sources */ = {isa = PBXBuildFile; fileRef = F26F70D92A665C9500E33C6C /* Enviroment.swift */; };
		F26F70DC2A665E3700E33C6C /* EnviromentObjects.swift in Sources */ = {isa = PBXBuildFile; fileRef = F26F70DB2A665E3700E33C6C /* EnviromentObjects.swift */; };
		F2AC44552A6661EF001452DA /* StateObject.swift in Sources */ = {isa = PBXBuildFile; fileRef = F2AC44542A6661EF001452DA /* StateObject.swift */; };
		F2AC44572A66620E001452DA /* RandomNumberGenerator.swift in Sources */ = {isa = PBXBuildFile; fileRef = F2AC44562A66620E001452DA /* RandomNumberGenerator.swift */; };
		F2AC44592A666351001452DA /* RandomNumberView.swift in Sources */ = {isa = PBXBuildFile; fileRef = F2AC44582A666351001452DA /* RandomNumberView.swift */; };
		F2BAA62C2A5E860800896BE4 /* SwiftUIPracticeApp.swift in Sources */ = {isa = PBXBuildFile; fileRef = F2BAA62B2A5E860800896BE4 /* SwiftUIPracticeApp.swift */; };
		F2BAA62E2A5E860800896BE4 /* ContentView.swift in Sources */ = {isa = PBXBuildFile; fileRef = F2BAA62D2A5E860800896BE4 /* ContentView.swift */; };
		F2BAA6302A5E860900896BE4 /* Assets.xcassets in Resources */ = {isa = PBXBuildFile; fileRef = F2BAA62F2A5E860900896BE4 /* Assets.xcassets */; };
		F2BAA6332A5E860900896BE4 /* Preview Assets.xcassets in Resources */ = {isa = PBXBuildFile; fileRef = F2BAA6322A5E860900896BE4 /* Preview Assets.xcassets */; };
		F2BAA63D2A5E860900896BE4 /* CustomChartWithSwiftUITests.swift in Sources */ = {isa = PBXBuildFile; fileRef = F2BAA63C2A5E860900896BE4 /* CustomChartWithSwiftUITests.swift */; };
		F2BAA6472A5E860900896BE4 /* CustomChartWithSwiftUIUITests.swift in Sources */ = {isa = PBXBuildFile; fileRef = F2BAA6462A5E860900896BE4 /* CustomChartWithSwiftUIUITests.swift */; };
		F2BAA6492A5E860900896BE4 /* CustomChartWithSwiftUIUITestsLaunchTests.swift in Sources */ = {isa = PBXBuildFile; fileRef = F2BAA6482A5E860900896BE4 /* CustomChartWithSwiftUIUITestsLaunchTests.swift */; };
		F2BAA6622A5E879300896BE4 /* Then.swift in Sources */ = {isa = PBXBuildFile; fileRef = F2BAA6612A5E879300896BE4 /* Then.swift */; };
		F2BAA6652A5E8BED00896BE4 /* RxCocoa in Frameworks */ = {isa = PBXBuildFile; productRef = F2BAA6642A5E8BED00896BE4 /* RxCocoa */; };
		F2BAA6672A5E8BED00896BE4 /* RxSwift in Frameworks */ = {isa = PBXBuildFile; productRef = F2BAA6662A5E8BED00896BE4 /* RxSwift */; };
		F2BAA66A2A5E8D5800896BE4 /* Define.swift in Sources */ = {isa = PBXBuildFile; fileRef = F2BAA6692A5E8D5800896BE4 /* Define.swift */; };
		F2BAA6952A5E90D400896BE4 /* NotoSansKR-Black.otf in Resources */ = {isa = PBXBuildFile; fileRef = F2BAA6912A5E90D400896BE4 /* NotoSansKR-Black.otf */; };
		F2BAA6962A5E90D400896BE4 /* NotoSansKR-Medium.otf in Resources */ = {isa = PBXBuildFile; fileRef = F2BAA6922A5E90D400896BE4 /* NotoSansKR-Medium.otf */; };
		F2BAA6972A5E90D400896BE4 /* NotoSansKR-Regular.otf in Resources */ = {isa = PBXBuildFile; fileRef = F2BAA6932A5E90D400896BE4 /* NotoSansKR-Regular.otf */; };
		F2BAA6982A5E90D400896BE4 /* NotoSansKR-Bold.otf in Resources */ = {isa = PBXBuildFile; fileRef = F2BAA6942A5E90D400896BE4 /* NotoSansKR-Bold.otf */; };
		F2BAA69B2A5E97C800896BE4 /* BarChartView.swift in Sources */ = {isa = PBXBuildFile; fileRef = F2BAA69A2A5E97C800896BE4 /* BarChartView.swift */; };
		F2BAA69F2A60E91000896BE4 /* HStack.swift in Sources */ = {isa = PBXBuildFile; fileRef = F2BAA69E2A60E91000896BE4 /* HStack.swift */; };
		F2BAA6A12A60ED7400896BE4 /* VStack.swift in Sources */ = {isa = PBXBuildFile; fileRef = F2BAA6A02A60ED7400896BE4 /* VStack.swift */; };
		F2BAA6A32A610F4000896BE4 /* ZStack.swift in Sources */ = {isa = PBXBuildFile; fileRef = F2BAA6A22A610F4000896BE4 /* ZStack.swift */; };
		F2BAA6A52A6110F000896BE4 /* LazyStack.swift in Sources */ = {isa = PBXBuildFile; fileRef = F2BAA6A42A6110F000896BE4 /* LazyStack.swift */; };
		F2BAA6A82A6114C300896BE4 /* NumberView.swift in Sources */ = {isa = PBXBuildFile; fileRef = F2BAA6A72A6114C300896BE4 /* NumberView.swift */; };
		F2BAA6AA2A61169100896BE4 /* Sections.swift in Sources */ = {isa = PBXBuildFile; fileRef = F2BAA6A92A61169100896BE4 /* Sections.swift */; };
		F2BAA6AC2A61181C00896BE4 /* EmojiView.swift in Sources */ = {isa = PBXBuildFile; fileRef = F2BAA6AB2A61181C00896BE4 /* EmojiView.swift */; };
		F2BAA6AE2A6122DF00896BE4 /* SectionHeaderView.swift in Sources */ = {isa = PBXBuildFile; fileRef = F2BAA6AD2A6122DF00896BE4 /* SectionHeaderView.swift */; };
		F2BAA6B02A61272400896BE4 /* Spacer.swift in Sources */ = {isa = PBXBuildFile; fileRef = F2BAA6AF2A61272400896BE4 /* Spacer.swift */; };
		F2C1E4972A64CD10007F541D /* Group.swift in Sources */ = {isa = PBXBuildFile; fileRef = F2C1E4962A64CD10007F541D /* Group.swift */; };
		F2C1E4992A64D0DA007F541D /* ScrollView.swift in Sources */ = {isa = PBXBuildFile; fileRef = F2C1E4982A64D0DA007F541D /* ScrollView.swift */; };
		F2C1E49B2A64D2F2007F541D /* URLImage.swift in Sources */ = {isa = PBXBuildFile; fileRef = F2C1E49A2A64D2F2007F541D /* URLImage.swift */; };
		F2C1E49D2A650223007F541D /* Form.swift in Sources */ = {isa = PBXBuildFile; fileRef = F2C1E49C2A650223007F541D /* Form.swift */; };
		F2C1E49F2A651774007F541D /* Overlay.swift in Sources */ = {isa = PBXBuildFile; fileRef = F2C1E49E2A651774007F541D /* Overlay.swift */; };
		F2C1E4A22A6520CD007F541D /* Alert.swift in Sources */ = {isa = PBXBuildFile; fileRef = F2C1E4A12A6520CD007F541D /* Alert.swift */; };
		F2C1E4A52A652912007F541D /* ImageData.swift in Sources */ = {isa = PBXBuildFile; fileRef = F2C1E4A42A652912007F541D /* ImageData.swift */; };
		F2C1E4A72A652BD9007F541D /* ComfirmationDialog.swift in Sources */ = {isa = PBXBuildFile; fileRef = F2C1E4A62A652BD9007F541D /* ComfirmationDialog.swift */; };
		F2C1E4A92A652DF7007F541D /* ColorData.swift in Sources */ = {isa = PBXBuildFile; fileRef = F2C1E4A82A652DF7007F541D /* ColorData.swift */; };
		F2E7E6FE2A66172500105359 /* Sheet.swift in Sources */ = {isa = PBXBuildFile; fileRef = F2E7E6FD2A66172500105359 /* Sheet.swift */; };
		F2E7E7002A66255D00105359 /* Popover.swift in Sources */ = {isa = PBXBuildFile; fileRef = F2E7E6FF2A66255D00105359 /* Popover.swift */; };
		F2E7E7022A6629CA00105359 /* InteractiveDismiss.swift in Sources */ = {isa = PBXBuildFile; fileRef = F2E7E7012A6629CA00105359 /* InteractiveDismiss.swift */; };
		F2E7E7042A662D3600105359 /* ComposeScene.swift in Sources */ = {isa = PBXBuildFile; fileRef = F2E7E7032A662D3600105359 /* ComposeScene.swift */; };
/* End PBXBuildFile section */

/* Begin PBXContainerItemProxy section */
		F2BAA6392A5E860900896BE4 /* PBXContainerItemProxy */ = {
			isa = PBXContainerItemProxy;
			containerPortal = F2BAA6202A5E860800896BE4 /* Project object */;
			proxyType = 1;
			remoteGlobalIDString = F2BAA6272A5E860800896BE4;
			remoteInfo = CustomChartWithSwiftUI;
		};
		F2BAA6432A5E860900896BE4 /* PBXContainerItemProxy */ = {
			isa = PBXContainerItemProxy;
			containerPortal = F2BAA6202A5E860800896BE4 /* Project object */;
			proxyType = 1;
			remoteGlobalIDString = F2BAA6272A5E860800896BE4;
			remoteInfo = CustomChartWithSwiftUI;
		};
/* End PBXContainerItemProxy section */

/* Begin PBXFileReference section */
		F26F70CD2A66484400E33C6C /* OneWayBinding.swift */ = {isa = PBXFileReference; lastKnownFileType = sourcecode.swift; path = OneWayBinding.swift; sourceTree = "<group>"; };
		F26F70D02A664DEA00E33C6C /* TwoWayBinding.swift */ = {isa = PBXFileReference; lastKnownFileType = sourcecode.swift; path = TwoWayBinding.swift; sourceTree = "<group>"; };
		F26F70D32A6651D400E33C6C /* InputView.swift */ = {isa = PBXFileReference; lastKnownFileType = sourcecode.swift; path = InputView.swift; sourceTree = "<group>"; };
		F26F70D52A66546400E33C6C /* ViewModel.swift */ = {isa = PBXFileReference; lastKnownFileType = sourcecode.swift; path = ViewModel.swift; sourceTree = "<group>"; };
		F26F70D72A66554300E33C6C /* ObservableList.swift */ = {isa = PBXFileReference; lastKnownFileType = sourcecode.swift; path = ObservableList.swift; sourceTree = "<group>"; };
		F26F70D92A665C9500E33C6C /* Enviroment.swift */ = {isa = PBXFileReference; lastKnownFileType = sourcecode.swift; path = Enviroment.swift; sourceTree = "<group>"; };
		F26F70DB2A665E3700E33C6C /* EnviromentObjects.swift */ = {isa = PBXFileReference; lastKnownFileType = sourcecode.swift; path = EnviromentObjects.swift; sourceTree = "<group>"; };
		F2AC44542A6661EF001452DA /* StateObject.swift */ = {isa = PBXFileReference; lastKnownFileType = sourcecode.swift; path = StateObject.swift; sourceTree = "<group>"; };
		F2AC44562A66620E001452DA /* RandomNumberGenerator.swift */ = {isa = PBXFileReference; lastKnownFileType = sourcecode.swift; path = RandomNumberGenerator.swift; sourceTree = "<group>"; };
		F2AC44582A666351001452DA /* RandomNumberView.swift */ = {isa = PBXFileReference; lastKnownFileType = sourcecode.swift; path = RandomNumberView.swift; sourceTree = "<group>"; };
		F2BAA6282A5E860800896BE4 /* SwiftUIPractice.app */ = {isa = PBXFileReference; explicitFileType = wrapper.application; includeInIndex = 0; path = SwiftUIPractice.app; sourceTree = BUILT_PRODUCTS_DIR; };
		F2BAA62B2A5E860800896BE4 /* SwiftUIPracticeApp.swift */ = {isa = PBXFileReference; lastKnownFileType = sourcecode.swift; path = SwiftUIPracticeApp.swift; sourceTree = "<group>"; };
		F2BAA62D2A5E860800896BE4 /* ContentView.swift */ = {isa = PBXFileReference; lastKnownFileType = sourcecode.swift; path = ContentView.swift; sourceTree = "<group>"; };
		F2BAA62F2A5E860900896BE4 /* Assets.xcassets */ = {isa = PBXFileReference; lastKnownFileType = folder.assetcatalog; path = Assets.xcassets; sourceTree = "<group>"; };
		F2BAA6322A5E860900896BE4 /* Preview Assets.xcassets */ = {isa = PBXFileReference; lastKnownFileType = folder.assetcatalog; path = "Preview Assets.xcassets"; sourceTree = "<group>"; };
		F2BAA6382A5E860900896BE4 /* SwiftUIPracticeTests.xctest */ = {isa = PBXFileReference; explicitFileType = wrapper.cfbundle; includeInIndex = 0; path = SwiftUIPracticeTests.xctest; sourceTree = BUILT_PRODUCTS_DIR; };
		F2BAA63C2A5E860900896BE4 /* CustomChartWithSwiftUITests.swift */ = {isa = PBXFileReference; lastKnownFileType = sourcecode.swift; path = CustomChartWithSwiftUITests.swift; sourceTree = "<group>"; };
		F2BAA6422A5E860900896BE4 /* SwiftUIPracticeUITests.xctest */ = {isa = PBXFileReference; explicitFileType = wrapper.cfbundle; includeInIndex = 0; path = SwiftUIPracticeUITests.xctest; sourceTree = BUILT_PRODUCTS_DIR; };
		F2BAA6462A5E860900896BE4 /* CustomChartWithSwiftUIUITests.swift */ = {isa = PBXFileReference; lastKnownFileType = sourcecode.swift; path = CustomChartWithSwiftUIUITests.swift; sourceTree = "<group>"; };
		F2BAA6482A5E860900896BE4 /* CustomChartWithSwiftUIUITestsLaunchTests.swift */ = {isa = PBXFileReference; lastKnownFileType = sourcecode.swift; path = CustomChartWithSwiftUIUITestsLaunchTests.swift; sourceTree = "<group>"; };
		F2BAA6612A5E879300896BE4 /* Then.swift */ = {isa = PBXFileReference; fileEncoding = 4; lastKnownFileType = sourcecode.swift; path = Then.swift; sourceTree = "<group>"; };
		F2BAA6692A5E8D5800896BE4 /* Define.swift */ = {isa = PBXFileReference; lastKnownFileType = sourcecode.swift; path = Define.swift; sourceTree = "<group>"; };
		F2BAA6902A5E8EAF00896BE4 /* Info.plist */ = {isa = PBXFileReference; lastKnownFileType = text.plist; path = Info.plist; sourceTree = "<group>"; };
		F2BAA6912A5E90D400896BE4 /* NotoSansKR-Black.otf */ = {isa = PBXFileReference; lastKnownFileType = file; path = "NotoSansKR-Black.otf"; sourceTree = "<group>"; };
		F2BAA6922A5E90D400896BE4 /* NotoSansKR-Medium.otf */ = {isa = PBXFileReference; lastKnownFileType = file; path = "NotoSansKR-Medium.otf"; sourceTree = "<group>"; };
		F2BAA6932A5E90D400896BE4 /* NotoSansKR-Regular.otf */ = {isa = PBXFileReference; lastKnownFileType = file; path = "NotoSansKR-Regular.otf"; sourceTree = "<group>"; };
		F2BAA6942A5E90D400896BE4 /* NotoSansKR-Bold.otf */ = {isa = PBXFileReference; lastKnownFileType = file; path = "NotoSansKR-Bold.otf"; sourceTree = "<group>"; };
		F2BAA69A2A5E97C800896BE4 /* BarChartView.swift */ = {isa = PBXFileReference; lastKnownFileType = sourcecode.swift; path = BarChartView.swift; sourceTree = "<group>"; };
		F2BAA69E2A60E91000896BE4 /* HStack.swift */ = {isa = PBXFileReference; lastKnownFileType = sourcecode.swift; path = HStack.swift; sourceTree = "<group>"; };
		F2BAA6A02A60ED7400896BE4 /* VStack.swift */ = {isa = PBXFileReference; lastKnownFileType = sourcecode.swift; path = VStack.swift; sourceTree = "<group>"; };
		F2BAA6A22A610F4000896BE4 /* ZStack.swift */ = {isa = PBXFileReference; lastKnownFileType = sourcecode.swift; path = ZStack.swift; sourceTree = "<group>"; };
		F2BAA6A42A6110F000896BE4 /* LazyStack.swift */ = {isa = PBXFileReference; lastKnownFileType = sourcecode.swift; path = LazyStack.swift; sourceTree = "<group>"; };
		F2BAA6A72A6114C300896BE4 /* NumberView.swift */ = {isa = PBXFileReference; lastKnownFileType = sourcecode.swift; path = NumberView.swift; sourceTree = "<group>"; };
		F2BAA6A92A61169100896BE4 /* Sections.swift */ = {isa = PBXFileReference; lastKnownFileType = sourcecode.swift; path = Sections.swift; sourceTree = "<group>"; };
		F2BAA6AB2A61181C00896BE4 /* EmojiView.swift */ = {isa = PBXFileReference; lastKnownFileType = sourcecode.swift; path = EmojiView.swift; sourceTree = "<group>"; };
		F2BAA6AD2A6122DF00896BE4 /* SectionHeaderView.swift */ = {isa = PBXFileReference; lastKnownFileType = sourcecode.swift; path = SectionHeaderView.swift; sourceTree = "<group>"; };
		F2BAA6AF2A61272400896BE4 /* Spacer.swift */ = {isa = PBXFileReference; lastKnownFileType = sourcecode.swift; path = Spacer.swift; sourceTree = "<group>"; };
		F2C1E4962A64CD10007F541D /* Group.swift */ = {isa = PBXFileReference; lastKnownFileType = sourcecode.swift; path = Group.swift; sourceTree = "<group>"; };
		F2C1E4982A64D0DA007F541D /* ScrollView.swift */ = {isa = PBXFileReference; lastKnownFileType = sourcecode.swift; path = ScrollView.swift; sourceTree = "<group>"; };
		F2C1E49A2A64D2F2007F541D /* URLImage.swift */ = {isa = PBXFileReference; lastKnownFileType = sourcecode.swift; path = URLImage.swift; sourceTree = "<group>"; };
		F2C1E49C2A650223007F541D /* Form.swift */ = {isa = PBXFileReference; lastKnownFileType = sourcecode.swift; path = Form.swift; sourceTree = "<group>"; };
		F2C1E49E2A651774007F541D /* Overlay.swift */ = {isa = PBXFileReference; lastKnownFileType = sourcecode.swift; path = Overlay.swift; sourceTree = "<group>"; };
		F2C1E4A12A6520CD007F541D /* Alert.swift */ = {isa = PBXFileReference; lastKnownFileType = sourcecode.swift; path = Alert.swift; sourceTree = "<group>"; };
		F2C1E4A42A652912007F541D /* ImageData.swift */ = {isa = PBXFileReference; lastKnownFileType = sourcecode.swift; path = ImageData.swift; sourceTree = "<group>"; };
		F2C1E4A62A652BD9007F541D /* ComfirmationDialog.swift */ = {isa = PBXFileReference; lastKnownFileType = sourcecode.swift; path = ComfirmationDialog.swift; sourceTree = "<group>"; };
		F2C1E4A82A652DF7007F541D /* ColorData.swift */ = {isa = PBXFileReference; lastKnownFileType = sourcecode.swift; path = ColorData.swift; sourceTree = "<group>"; };
		F2E7E6FD2A66172500105359 /* Sheet.swift */ = {isa = PBXFileReference; lastKnownFileType = sourcecode.swift; path = Sheet.swift; sourceTree = "<group>"; };
		F2E7E6FF2A66255D00105359 /* Popover.swift */ = {isa = PBXFileReference; lastKnownFileType = sourcecode.swift; path = Popover.swift; sourceTree = "<group>"; };
		F2E7E7012A6629CA00105359 /* InteractiveDismiss.swift */ = {isa = PBXFileReference; lastKnownFileType = sourcecode.swift; path = InteractiveDismiss.swift; sourceTree = "<group>"; };
		F2E7E7032A662D3600105359 /* ComposeScene.swift */ = {isa = PBXFileReference; lastKnownFileType = sourcecode.swift; path = ComposeScene.swift; sourceTree = "<group>"; };
/* End PBXFileReference section */

/* Begin PBXFrameworksBuildPhase section */
		F2BAA6252A5E860800896BE4 /* Frameworks */ = {
			isa = PBXFrameworksBuildPhase;
			buildActionMask = 2147483647;
			files = (
				F2BAA6672A5E8BED00896BE4 /* RxSwift in Frameworks */,
				F2BAA6652A5E8BED00896BE4 /* RxCocoa in Frameworks */,
			);
			runOnlyForDeploymentPostprocessing = 0;
		};
		F2BAA6352A5E860900896BE4 /* Frameworks */ = {
			isa = PBXFrameworksBuildPhase;
			buildActionMask = 2147483647;
			files = (
			);
			runOnlyForDeploymentPostprocessing = 0;
		};
		F2BAA63F2A5E860900896BE4 /* Frameworks */ = {
			isa = PBXFrameworksBuildPhase;
			buildActionMask = 2147483647;
			files = (
			);
			runOnlyForDeploymentPostprocessing = 0;
		};
/* End PBXFrameworksBuildPhase section */

/* Begin PBXGroup section */
		F26F70CC2A6645F100E33C6C /* StateAndBinding */ = {
			isa = PBXGroup;
			children = (
				F26F70CF2A66492000E33C6C /* State */,
			);
			path = StateAndBinding;
			sourceTree = "<group>";
		};
		F26F70CF2A66492000E33C6C /* State */ = {
			isa = PBXGroup;
			children = (
				F26F70D22A6651C700E33C6C /* Support */,
				F26F70CD2A66484400E33C6C /* OneWayBinding.swift */,
				F26F70D02A664DEA00E33C6C /* TwoWayBinding.swift */,
				F26F70D72A66554300E33C6C /* ObservableList.swift */,
				F26F70D92A665C9500E33C6C /* Enviroment.swift */,
				F26F70DB2A665E3700E33C6C /* EnviromentObjects.swift */,
				F2AC44542A6661EF001452DA /* StateObject.swift */,
			);
			path = State;
			sourceTree = "<group>";
		};
		F26F70D22A6651C700E33C6C /* Support */ = {
			isa = PBXGroup;
			children = (
				F26F70D52A66546400E33C6C /* ViewModel.swift */,
				F26F70D32A6651D400E33C6C /* InputView.swift */,
				F2AC44562A66620E001452DA /* RandomNumberGenerator.swift */,
				F2AC44582A666351001452DA /* RandomNumberView.swift */,
			);
			path = Support;
			sourceTree = "<group>";
		};
		F2BAA61F2A5E860800896BE4 = {
			isa = PBXGroup;
			children = (
				F2BAA62A2A5E860800896BE4 /* SwiftUIPractice */,
				F2BAA63B2A5E860900896BE4 /* SwiftUIPracticeTests */,
				F2BAA6452A5E860900896BE4 /* SwiftUIPracticeUITests */,
				F2BAA6292A5E860800896BE4 /* Products */,
			);
			sourceTree = "<group>";
		};
		F2BAA6292A5E860800896BE4 /* Products */ = {
			isa = PBXGroup;
			children = (
				F2BAA6282A5E860800896BE4 /* SwiftUIPractice.app */,
				F2BAA6382A5E860900896BE4 /* SwiftUIPracticeTests.xctest */,
				F2BAA6422A5E860900896BE4 /* SwiftUIPracticeUITests.xctest */,
			);
			name = Products;
			sourceTree = "<group>";
		};
		F2BAA62A2A5E860800896BE4 /* SwiftUIPractice */ = {
			isa = PBXGroup;
			children = (
				F2BAA6902A5E8EAF00896BE4 /* Info.plist */,
				F2BAA6682A5E8D3D00896BE4 /* Common */,
				F2BAA6602A5E878000896BE4 /* Util */,
				F2BAA6992A5E978700896BE4 /* Chart */,
				F2BAA69C2A60E8A200896BE4 /* LayoutAndPresentations */,
				F26F70CC2A6645F100E33C6C /* StateAndBinding */,
				F2BAA62B2A5E860800896BE4 /* SwiftUIPracticeApp.swift */,
				F2BAA62D2A5E860800896BE4 /* ContentView.swift */,
				F2BAA62F2A5E860900896BE4 /* Assets.xcassets */,
				F2BAA6312A5E860900896BE4 /* Preview Content */,
			);
			path = SwiftUIPractice;
			sourceTree = "<group>";
		};
		F2BAA6312A5E860900896BE4 /* Preview Content */ = {
			isa = PBXGroup;
			children = (
				F2BAA6322A5E860900896BE4 /* Preview Assets.xcassets */,
			);
			path = "Preview Content";
			sourceTree = "<group>";
		};
		F2BAA63B2A5E860900896BE4 /* SwiftUIPracticeTests */ = {
			isa = PBXGroup;
			children = (
				F2BAA63C2A5E860900896BE4 /* CustomChartWithSwiftUITests.swift */,
			);
			path = SwiftUIPracticeTests;
			sourceTree = "<group>";
		};
		F2BAA6452A5E860900896BE4 /* SwiftUIPracticeUITests */ = {
			isa = PBXGroup;
			children = (
				F2BAA6462A5E860900896BE4 /* CustomChartWithSwiftUIUITests.swift */,
				F2BAA6482A5E860900896BE4 /* CustomChartWithSwiftUIUITestsLaunchTests.swift */,
			);
			path = SwiftUIPracticeUITests;
			sourceTree = "<group>";
		};
		F2BAA6602A5E878000896BE4 /* Util */ = {
			isa = PBXGroup;
			children = (
				F2BAA6612A5E879300896BE4 /* Then.swift */,
			);
			path = Util;
			sourceTree = "<group>";
		};
		F2BAA6682A5E8D3D00896BE4 /* Common */ = {
			isa = PBXGroup;
			children = (
				F2BAA66B2A5E8E5900896BE4 /* Font */,
				F2BAA6692A5E8D5800896BE4 /* Define.swift */,
			);
			path = Common;
			sourceTree = "<group>";
		};
		F2BAA66B2A5E8E5900896BE4 /* Font */ = {
			isa = PBXGroup;
			children = (
				F2BAA6912A5E90D400896BE4 /* NotoSansKR-Black.otf */,
				F2BAA6942A5E90D400896BE4 /* NotoSansKR-Bold.otf */,
				F2BAA6922A5E90D400896BE4 /* NotoSansKR-Medium.otf */,
				F2BAA6932A5E90D400896BE4 /* NotoSansKR-Regular.otf */,
			);
			path = Font;
			sourceTree = "<group>";
		};
		F2BAA6992A5E978700896BE4 /* Chart */ = {
			isa = PBXGroup;
			children = (
				F2BAA69A2A5E97C800896BE4 /* BarChartView.swift */,
			);
			path = Chart;
			sourceTree = "<group>";
		};
		F2BAA69C2A60E8A200896BE4 /* LayoutAndPresentations */ = {
			isa = PBXGroup;
			children = (
				F2C1E4A02A6520B2007F541D /* Presents */,
				F2BAA69D2A60E8E000896BE4 /* Stack */,
			);
			path = LayoutAndPresentations;
			sourceTree = "<group>";
		};
		F2BAA69D2A60E8E000896BE4 /* Stack */ = {
			isa = PBXGroup;
			children = (
				F2BAA6A62A6114A500896BE4 /* Support */,
				F2BAA69E2A60E91000896BE4 /* HStack.swift */,
				F2BAA6A02A60ED7400896BE4 /* VStack.swift */,
				F2BAA6A22A610F4000896BE4 /* ZStack.swift */,
				F2BAA6A42A6110F000896BE4 /* LazyStack.swift */,
				F2BAA6A92A61169100896BE4 /* Sections.swift */,
				F2BAA6AD2A6122DF00896BE4 /* SectionHeaderView.swift */,
				F2BAA6AF2A61272400896BE4 /* Spacer.swift */,
				F2C1E4962A64CD10007F541D /* Group.swift */,
				F2C1E4982A64D0DA007F541D /* ScrollView.swift */,
				F2C1E49C2A650223007F541D /* Form.swift */,
				F2C1E49E2A651774007F541D /* Overlay.swift */,
			);
			path = Stack;
			sourceTree = "<group>";
		};
		F2BAA6A62A6114A500896BE4 /* Support */ = {
			isa = PBXGroup;
			children = (
				F2BAA6A72A6114C300896BE4 /* NumberView.swift */,
				F2BAA6AB2A61181C00896BE4 /* EmojiView.swift */,
				F2C1E49A2A64D2F2007F541D /* URLImage.swift */,
			);
			path = Support;
			sourceTree = "<group>";
		};
		F2C1E4A02A6520B2007F541D /* Presents */ = {
			isa = PBXGroup;
			children = (
				F2C1E4A32A6528FA007F541D /* Support */,
				F2C1E4A12A6520CD007F541D /* Alert.swift */,
				F2C1E4A62A652BD9007F541D /* ComfirmationDialog.swift */,
				F2E7E6FD2A66172500105359 /* Sheet.swift */,
				F2E7E6FF2A66255D00105359 /* Popover.swift */,
				F2E7E7012A6629CA00105359 /* InteractiveDismiss.swift */,
			);
			path = Presents;
			sourceTree = "<group>";
		};
		F2C1E4A32A6528FA007F541D /* Support */ = {
			isa = PBXGroup;
			children = (
				F2C1E4A42A652912007F541D /* ImageData.swift */,
				F2C1E4A82A652DF7007F541D /* ColorData.swift */,
				F2E7E7032A662D3600105359 /* ComposeScene.swift */,
			);
			path = Support;
			sourceTree = "<group>";
		};
/* End PBXGroup section */

/* Begin PBXNativeTarget section */
		F2BAA6272A5E860800896BE4 /* SwiftUIPractice */ = {
			isa = PBXNativeTarget;
			buildConfigurationList = F2BAA64C2A5E860900896BE4 /* Build configuration list for PBXNativeTarget "SwiftUIPractice" */;
			buildPhases = (
				F2BAA6242A5E860800896BE4 /* Sources */,
				F2BAA6252A5E860800896BE4 /* Frameworks */,
				F2BAA6262A5E860800896BE4 /* Resources */,
			);
			buildRules = (
			);
			dependencies = (
			);
			name = SwiftUIPractice;
			packageProductDependencies = (
				F2BAA6642A5E8BED00896BE4 /* RxCocoa */,
				F2BAA6662A5E8BED00896BE4 /* RxSwift */,
			);
			productName = CustomChartWithSwiftUI;
			productReference = F2BAA6282A5E860800896BE4 /* SwiftUIPractice.app */;
			productType = "com.apple.product-type.application";
		};
		F2BAA6372A5E860900896BE4 /* SwiftUIPracticeTests */ = {
			isa = PBXNativeTarget;
			buildConfigurationList = F2BAA64F2A5E860900896BE4 /* Build configuration list for PBXNativeTarget "SwiftUIPracticeTests" */;
			buildPhases = (
				F2BAA6342A5E860900896BE4 /* Sources */,
				F2BAA6352A5E860900896BE4 /* Frameworks */,
				F2BAA6362A5E860900896BE4 /* Resources */,
			);
			buildRules = (
			);
			dependencies = (
				F2BAA63A2A5E860900896BE4 /* PBXTargetDependency */,
			);
			name = SwiftUIPracticeTests;
			productName = CustomChartWithSwiftUITests;
			productReference = F2BAA6382A5E860900896BE4 /* SwiftUIPracticeTests.xctest */;
			productType = "com.apple.product-type.bundle.unit-test";
		};
		F2BAA6412A5E860900896BE4 /* SwiftUIPracticeUITests */ = {
			isa = PBXNativeTarget;
			buildConfigurationList = F2BAA6522A5E860900896BE4 /* Build configuration list for PBXNativeTarget "SwiftUIPracticeUITests" */;
			buildPhases = (
				F2BAA63E2A5E860900896BE4 /* Sources */,
				F2BAA63F2A5E860900896BE4 /* Frameworks */,
				F2BAA6402A5E860900896BE4 /* Resources */,
			);
			buildRules = (
			);
			dependencies = (
				F2BAA6442A5E860900896BE4 /* PBXTargetDependency */,
			);
			name = SwiftUIPracticeUITests;
			productName = CustomChartWithSwiftUIUITests;
			productReference = F2BAA6422A5E860900896BE4 /* SwiftUIPracticeUITests.xctest */;
			productType = "com.apple.product-type.bundle.ui-testing";
		};
/* End PBXNativeTarget section */

/* Begin PBXProject section */
		F2BAA6202A5E860800896BE4 /* Project object */ = {
			isa = PBXProject;
			attributes = {
				BuildIndependentTargetsInParallel = 1;
				LastSwiftUpdateCheck = 1430;
				LastUpgradeCheck = 1430;
				TargetAttributes = {
					F2BAA6272A5E860800896BE4 = {
						CreatedOnToolsVersion = 14.3.1;
					};
					F2BAA6372A5E860900896BE4 = {
						CreatedOnToolsVersion = 14.3.1;
						TestTargetID = F2BAA6272A5E860800896BE4;
					};
					F2BAA6412A5E860900896BE4 = {
						CreatedOnToolsVersion = 14.3.1;
						TestTargetID = F2BAA6272A5E860800896BE4;
					};
				};
			};
			buildConfigurationList = F2BAA6232A5E860800896BE4 /* Build configuration list for PBXProject "SwiftUIPractice" */;
			compatibilityVersion = "Xcode 14.0";
			developmentRegion = en;
			hasScannedForEncodings = 0;
			knownRegions = (
				en,
				Base,
				ko,
			);
			mainGroup = F2BAA61F2A5E860800896BE4;
			packageReferences = (
				F2BAA6632A5E8BED00896BE4 /* XCRemoteSwiftPackageReference "RxSwift" */,
			);
			productRefGroup = F2BAA6292A5E860800896BE4 /* Products */;
			projectDirPath = "";
			projectRoot = "";
			targets = (
				F2BAA6272A5E860800896BE4 /* SwiftUIPractice */,
				F2BAA6372A5E860900896BE4 /* SwiftUIPracticeTests */,
				F2BAA6412A5E860900896BE4 /* SwiftUIPracticeUITests */,
			);
		};
/* End PBXProject section */

/* Begin PBXResourcesBuildPhase section */
		F2BAA6262A5E860800896BE4 /* Resources */ = {
			isa = PBXResourcesBuildPhase;
			buildActionMask = 2147483647;
			files = (
				F2BAA6962A5E90D400896BE4 /* NotoSansKR-Medium.otf in Resources */,
				F2BAA6952A5E90D400896BE4 /* NotoSansKR-Black.otf in Resources */,
				F2BAA6332A5E860900896BE4 /* Preview Assets.xcassets in Resources */,
				F2BAA6302A5E860900896BE4 /* Assets.xcassets in Resources */,
				F2BAA6982A5E90D400896BE4 /* NotoSansKR-Bold.otf in Resources */,
				F2BAA6972A5E90D400896BE4 /* NotoSansKR-Regular.otf in Resources */,
			);
			runOnlyForDeploymentPostprocessing = 0;
		};
		F2BAA6362A5E860900896BE4 /* Resources */ = {
			isa = PBXResourcesBuildPhase;
			buildActionMask = 2147483647;
			files = (
			);
			runOnlyForDeploymentPostprocessing = 0;
		};
		F2BAA6402A5E860900896BE4 /* Resources */ = {
			isa = PBXResourcesBuildPhase;
			buildActionMask = 2147483647;
			files = (
			);
			runOnlyForDeploymentPostprocessing = 0;
		};
/* End PBXResourcesBuildPhase section */

/* Begin PBXSourcesBuildPhase section */
		F2BAA6242A5E860800896BE4 /* Sources */ = {
			isa = PBXSourcesBuildPhase;
			buildActionMask = 2147483647;
			files = (
				F2C1E49F2A651774007F541D /* Overlay.swift in Sources */,
				F2E7E7022A6629CA00105359 /* InteractiveDismiss.swift in Sources */,
				F2BAA6AA2A61169100896BE4 /* Sections.swift in Sources */,
				F26F70DC2A665E3700E33C6C /* EnviromentObjects.swift in Sources */,
				F2BAA6A12A60ED7400896BE4 /* VStack.swift in Sources */,
				F2BAA6AE2A6122DF00896BE4 /* SectionHeaderView.swift in Sources */,
				F2C1E4972A64CD10007F541D /* Group.swift in Sources */,
				F2BAA6A52A6110F000896BE4 /* LazyStack.swift in Sources */,
				F2C1E4992A64D0DA007F541D /* ScrollView.swift in Sources */,
				F2E7E7002A66255D00105359 /* Popover.swift in Sources */,
				F26F70D12A664DEA00E33C6C /* TwoWayBinding.swift in Sources */,
				F2BAA62E2A5E860800896BE4 /* ContentView.swift in Sources */,
				F2BAA6A82A6114C300896BE4 /* NumberView.swift in Sources */,
				F2C1E49B2A64D2F2007F541D /* URLImage.swift in Sources */,
				F2BAA6AC2A61181C00896BE4 /* EmojiView.swift in Sources */,
				F2BAA6622A5E879300896BE4 /* Then.swift in Sources */,
				F2C1E4A92A652DF7007F541D /* ColorData.swift in Sources */,
				F2AC44552A6661EF001452DA /* StateObject.swift in Sources */,
				F26F70D82A66554300E33C6C /* ObservableList.swift in Sources */,
				F2BAA69B2A5E97C800896BE4 /* BarChartView.swift in Sources */,
				F2BAA6B02A61272400896BE4 /* Spacer.swift in Sources */,
				F2E7E6FE2A66172500105359 /* Sheet.swift in Sources */,
				F2C1E49D2A650223007F541D /* Form.swift in Sources */,
				F2C1E4A72A652BD9007F541D /* ComfirmationDialog.swift in Sources */,
				F26F70CE2A66484400E33C6C /* OneWayBinding.swift in Sources */,
				F26F70D62A66546400E33C6C /* ViewModel.swift in Sources */,
				F2BAA69F2A60E91000896BE4 /* HStack.swift in Sources */,
				F2BAA66A2A5E8D5800896BE4 /* Define.swift in Sources */,
				F2BAA62C2A5E860800896BE4 /* SwiftUIPracticeApp.swift in Sources */,
				F2AC44592A666351001452DA /* RandomNumberView.swift in Sources */,
				F2C1E4A22A6520CD007F541D /* Alert.swift in Sources */,
				F2BAA6A32A610F4000896BE4 /* ZStack.swift in Sources */,
				F26F70D42A6651D400E33C6C /* InputView.swift in Sources */,
				F2C1E4A52A652912007F541D /* ImageData.swift in Sources */,
				F2E7E7042A662D3600105359 /* ComposeScene.swift in Sources */,
				F26F70DA2A665C9500E33C6C /* Enviroment.swift in Sources */,
				F2AC44572A66620E001452DA /* RandomNumberGenerator.swift in Sources */,
			);
			runOnlyForDeploymentPostprocessing = 0;
		};
		F2BAA6342A5E860900896BE4 /* Sources */ = {
			isa = PBXSourcesBuildPhase;
			buildActionMask = 2147483647;
			files = (
				F2BAA63D2A5E860900896BE4 /* CustomChartWithSwiftUITests.swift in Sources */,
			);
			runOnlyForDeploymentPostprocessing = 0;
		};
		F2BAA63E2A5E860900896BE4 /* Sources */ = {
			isa = PBXSourcesBuildPhase;
			buildActionMask = 2147483647;
			files = (
				F2BAA6492A5E860900896BE4 /* CustomChartWithSwiftUIUITestsLaunchTests.swift in Sources */,
				F2BAA6472A5E860900896BE4 /* CustomChartWithSwiftUIUITests.swift in Sources */,
			);
			runOnlyForDeploymentPostprocessing = 0;
		};
/* End PBXSourcesBuildPhase section */

/* Begin PBXTargetDependency section */
		F2BAA63A2A5E860900896BE4 /* PBXTargetDependency */ = {
			isa = PBXTargetDependency;
			target = F2BAA6272A5E860800896BE4 /* SwiftUIPractice */;
			targetProxy = F2BAA6392A5E860900896BE4 /* PBXContainerItemProxy */;
		};
		F2BAA6442A5E860900896BE4 /* PBXTargetDependency */ = {
			isa = PBXTargetDependency;
			target = F2BAA6272A5E860800896BE4 /* SwiftUIPractice */;
			targetProxy = F2BAA6432A5E860900896BE4 /* PBXContainerItemProxy */;
		};
/* End PBXTargetDependency section */

/* Begin XCBuildConfiguration section */
		F2BAA64A2A5E860900896BE4 /* Debug */ = {
			isa = XCBuildConfiguration;
			buildSettings = {
				ALWAYS_SEARCH_USER_PATHS = NO;
				CLANG_ANALYZER_NONNULL = YES;
				CLANG_ANALYZER_NUMBER_OBJECT_CONVERSION = YES_AGGRESSIVE;
				CLANG_CXX_LANGUAGE_STANDARD = "gnu++20";
				CLANG_ENABLE_MODULES = YES;
				CLANG_ENABLE_OBJC_ARC = YES;
				CLANG_ENABLE_OBJC_WEAK = YES;
				CLANG_WARN_BLOCK_CAPTURE_AUTORELEASING = YES;
				CLANG_WARN_BOOL_CONVERSION = YES;
				CLANG_WARN_COMMA = YES;
				CLANG_WARN_CONSTANT_CONVERSION = YES;
				CLANG_WARN_DEPRECATED_OBJC_IMPLEMENTATIONS = YES;
				CLANG_WARN_DIRECT_OBJC_ISA_USAGE = YES_ERROR;
				CLANG_WARN_DOCUMENTATION_COMMENTS = YES;
				CLANG_WARN_EMPTY_BODY = YES;
				CLANG_WARN_ENUM_CONVERSION = YES;
				CLANG_WARN_INFINITE_RECURSION = YES;
				CLANG_WARN_INT_CONVERSION = YES;
				CLANG_WARN_NON_LITERAL_NULL_CONVERSION = YES;
				CLANG_WARN_OBJC_IMPLICIT_RETAIN_SELF = YES;
				CLANG_WARN_OBJC_LITERAL_CONVERSION = YES;
				CLANG_WARN_OBJC_ROOT_CLASS = YES_ERROR;
				CLANG_WARN_QUOTED_INCLUDE_IN_FRAMEWORK_HEADER = YES;
				CLANG_WARN_RANGE_LOOP_ANALYSIS = YES;
				CLANG_WARN_STRICT_PROTOTYPES = YES;
				CLANG_WARN_SUSPICIOUS_MOVE = YES;
				CLANG_WARN_UNGUARDED_AVAILABILITY = YES_AGGRESSIVE;
				CLANG_WARN_UNREACHABLE_CODE = YES;
				CLANG_WARN__DUPLICATE_METHOD_MATCH = YES;
				COPY_PHASE_STRIP = NO;
				DEBUG_INFORMATION_FORMAT = dwarf;
				ENABLE_STRICT_OBJC_MSGSEND = YES;
				ENABLE_TESTABILITY = YES;
				GCC_C_LANGUAGE_STANDARD = gnu11;
				GCC_DYNAMIC_NO_PIC = NO;
				GCC_NO_COMMON_BLOCKS = YES;
				GCC_OPTIMIZATION_LEVEL = 0;
				GCC_PREPROCESSOR_DEFINITIONS = (
					"DEBUG=1",
					"$(inherited)",
				);
				GCC_WARN_64_TO_32_BIT_CONVERSION = YES;
				GCC_WARN_ABOUT_RETURN_TYPE = YES_ERROR;
				GCC_WARN_UNDECLARED_SELECTOR = YES;
				GCC_WARN_UNINITIALIZED_AUTOS = YES_AGGRESSIVE;
				GCC_WARN_UNUSED_FUNCTION = YES;
				GCC_WARN_UNUSED_VARIABLE = YES;
				IPHONEOS_DEPLOYMENT_TARGET = 16.4;
				MTL_ENABLE_DEBUG_INFO = INCLUDE_SOURCE;
				MTL_FAST_MATH = YES;
				ONLY_ACTIVE_ARCH = YES;
				SDKROOT = iphoneos;
				SWIFT_ACTIVE_COMPILATION_CONDITIONS = DEBUG;
				SWIFT_OPTIMIZATION_LEVEL = "-Onone";
			};
			name = Debug;
		};
		F2BAA64B2A5E860900896BE4 /* Release */ = {
			isa = XCBuildConfiguration;
			buildSettings = {
				ALWAYS_SEARCH_USER_PATHS = NO;
				CLANG_ANALYZER_NONNULL = YES;
				CLANG_ANALYZER_NUMBER_OBJECT_CONVERSION = YES_AGGRESSIVE;
				CLANG_CXX_LANGUAGE_STANDARD = "gnu++20";
				CLANG_ENABLE_MODULES = YES;
				CLANG_ENABLE_OBJC_ARC = YES;
				CLANG_ENABLE_OBJC_WEAK = YES;
				CLANG_WARN_BLOCK_CAPTURE_AUTORELEASING = YES;
				CLANG_WARN_BOOL_CONVERSION = YES;
				CLANG_WARN_COMMA = YES;
				CLANG_WARN_CONSTANT_CONVERSION = YES;
				CLANG_WARN_DEPRECATED_OBJC_IMPLEMENTATIONS = YES;
				CLANG_WARN_DIRECT_OBJC_ISA_USAGE = YES_ERROR;
				CLANG_WARN_DOCUMENTATION_COMMENTS = YES;
				CLANG_WARN_EMPTY_BODY = YES;
				CLANG_WARN_ENUM_CONVERSION = YES;
				CLANG_WARN_INFINITE_RECURSION = YES;
				CLANG_WARN_INT_CONVERSION = YES;
				CLANG_WARN_NON_LITERAL_NULL_CONVERSION = YES;
				CLANG_WARN_OBJC_IMPLICIT_RETAIN_SELF = YES;
				CLANG_WARN_OBJC_LITERAL_CONVERSION = YES;
				CLANG_WARN_OBJC_ROOT_CLASS = YES_ERROR;
				CLANG_WARN_QUOTED_INCLUDE_IN_FRAMEWORK_HEADER = YES;
				CLANG_WARN_RANGE_LOOP_ANALYSIS = YES;
				CLANG_WARN_STRICT_PROTOTYPES = YES;
				CLANG_WARN_SUSPICIOUS_MOVE = YES;
				CLANG_WARN_UNGUARDED_AVAILABILITY = YES_AGGRESSIVE;
				CLANG_WARN_UNREACHABLE_CODE = YES;
				CLANG_WARN__DUPLICATE_METHOD_MATCH = YES;
				COPY_PHASE_STRIP = NO;
				DEBUG_INFORMATION_FORMAT = "dwarf-with-dsym";
				ENABLE_NS_ASSERTIONS = NO;
				ENABLE_STRICT_OBJC_MSGSEND = YES;
				GCC_C_LANGUAGE_STANDARD = gnu11;
				GCC_NO_COMMON_BLOCKS = YES;
				GCC_WARN_64_TO_32_BIT_CONVERSION = YES;
				GCC_WARN_ABOUT_RETURN_TYPE = YES_ERROR;
				GCC_WARN_UNDECLARED_SELECTOR = YES;
				GCC_WARN_UNINITIALIZED_AUTOS = YES_AGGRESSIVE;
				GCC_WARN_UNUSED_FUNCTION = YES;
				GCC_WARN_UNUSED_VARIABLE = YES;
				IPHONEOS_DEPLOYMENT_TARGET = 16.4;
				MTL_ENABLE_DEBUG_INFO = NO;
				MTL_FAST_MATH = YES;
				SDKROOT = iphoneos;
				SWIFT_COMPILATION_MODE = wholemodule;
				SWIFT_OPTIMIZATION_LEVEL = "-O";
				VALIDATE_PRODUCT = YES;
			};
			name = Release;
		};
		F2BAA64D2A5E860900896BE4 /* Debug */ = {
			isa = XCBuildConfiguration;
			buildSettings = {
				ASSETCATALOG_COMPILER_APPICON_NAME = AppIcon;
				ASSETCATALOG_COMPILER_GLOBAL_ACCENT_COLOR_NAME = AccentColor;
				CODE_SIGN_STYLE = Automatic;
				CURRENT_PROJECT_VERSION = 1;
				DEVELOPMENT_ASSET_PATHS = "\"SwiftUIPractice/Preview Content\"";
				ENABLE_PREVIEWS = YES;
				GENERATE_INFOPLIST_FILE = YES;
				INFOPLIST_FILE = SwiftUIPractice/Info.plist;
				INFOPLIST_KEY_UIApplicationSceneManifest_Generation = YES;
				INFOPLIST_KEY_UIApplicationSupportsIndirectInputEvents = YES;
				INFOPLIST_KEY_UILaunchScreen_Generation = YES;
				INFOPLIST_KEY_UISupportedInterfaceOrientations_iPad = "UIInterfaceOrientationPortrait UIInterfaceOrientationPortraitUpsideDown UIInterfaceOrientationLandscapeLeft UIInterfaceOrientationLandscapeRight";
				INFOPLIST_KEY_UISupportedInterfaceOrientations_iPhone = "UIInterfaceOrientationPortrait UIInterfaceOrientationLandscapeLeft UIInterfaceOrientationLandscapeRight";
				LD_RUNPATH_SEARCH_PATHS = (
					"$(inherited)",
					"@executable_path/Frameworks",
				);
				MARKETING_VERSION = 1.0;
				PRODUCT_BUNDLE_IDENTIFIER = com.pnx.swiftuipractice;
				PRODUCT_NAME = "$(TARGET_NAME)";
				SWIFT_EMIT_LOC_STRINGS = YES;
				SWIFT_VERSION = 5.0;
				TARGETED_DEVICE_FAMILY = "1,2";
			};
			name = Debug;
		};
		F2BAA64E2A5E860900896BE4 /* Release */ = {
			isa = XCBuildConfiguration;
			buildSettings = {
				ASSETCATALOG_COMPILER_APPICON_NAME = AppIcon;
				ASSETCATALOG_COMPILER_GLOBAL_ACCENT_COLOR_NAME = AccentColor;
				CODE_SIGN_STYLE = Automatic;
				CURRENT_PROJECT_VERSION = 1;
				DEVELOPMENT_ASSET_PATHS = "\"SwiftUIPractice/Preview Content\"";
				ENABLE_PREVIEWS = YES;
				GENERATE_INFOPLIST_FILE = YES;
				INFOPLIST_FILE = SwiftUIPractice/Info.plist;
				INFOPLIST_KEY_UIApplicationSceneManifest_Generation = YES;
				INFOPLIST_KEY_UIApplicationSupportsIndirectInputEvents = YES;
				INFOPLIST_KEY_UILaunchScreen_Generation = YES;
				INFOPLIST_KEY_UISupportedInterfaceOrientations_iPad = "UIInterfaceOrientationPortrait UIInterfaceOrientationPortraitUpsideDown UIInterfaceOrientationLandscapeLeft UIInterfaceOrientationLandscapeRight";
				INFOPLIST_KEY_UISupportedInterfaceOrientations_iPhone = "UIInterfaceOrientationPortrait UIInterfaceOrientationLandscapeLeft UIInterfaceOrientationLandscapeRight";
				LD_RUNPATH_SEARCH_PATHS = (
					"$(inherited)",
					"@executable_path/Frameworks",
				);
				MARKETING_VERSION = 1.0;
				PRODUCT_BUNDLE_IDENTIFIER = com.pnx.swiftuipractice;
				PRODUCT_NAME = "$(TARGET_NAME)";
				SWIFT_EMIT_LOC_STRINGS = YES;
				SWIFT_VERSION = 5.0;
				TARGETED_DEVICE_FAMILY = "1,2";
			};
			name = Release;
		};
		F2BAA6502A5E860900896BE4 /* Debug */ = {
			isa = XCBuildConfiguration;
			buildSettings = {
				ALWAYS_EMBED_SWIFT_STANDARD_LIBRARIES = YES;
				BUNDLE_LOADER = "$(TEST_HOST)";
				CODE_SIGN_STYLE = Automatic;
				CURRENT_PROJECT_VERSION = 1;
				GENERATE_INFOPLIST_FILE = YES;
				IPHONEOS_DEPLOYMENT_TARGET = 16.4;
				MARKETING_VERSION = 1.0;
				PRODUCT_BUNDLE_IDENTIFIER = com.pnx.swiftuipracticeITests;
				PRODUCT_NAME = "$(TARGET_NAME)";
				SWIFT_EMIT_LOC_STRINGS = NO;
				SWIFT_VERSION = 5.0;
				TARGETED_DEVICE_FAMILY = "1,2";
				TEST_HOST = "$(BUILT_PRODUCTS_DIR)/SwiftUIPractice.app/$(BUNDLE_EXECUTABLE_FOLDER_PATH)/SwiftUIPractice";
			};
			name = Debug;
		};
		F2BAA6512A5E860900896BE4 /* Release */ = {
			isa = XCBuildConfiguration;
			buildSettings = {
				ALWAYS_EMBED_SWIFT_STANDARD_LIBRARIES = YES;
				BUNDLE_LOADER = "$(TEST_HOST)";
				CODE_SIGN_STYLE = Automatic;
				CURRENT_PROJECT_VERSION = 1;
				GENERATE_INFOPLIST_FILE = YES;
				IPHONEOS_DEPLOYMENT_TARGET = 16.4;
				MARKETING_VERSION = 1.0;
				PRODUCT_BUNDLE_IDENTIFIER = com.pnx.swiftuipracticeITests;
				PRODUCT_NAME = "$(TARGET_NAME)";
				SWIFT_EMIT_LOC_STRINGS = NO;
				SWIFT_VERSION = 5.0;
				TARGETED_DEVICE_FAMILY = "1,2";
				TEST_HOST = "$(BUILT_PRODUCTS_DIR)/SwiftUIPractice.app/$(BUNDLE_EXECUTABLE_FOLDER_PATH)/SwiftUIPractice";
			};
			name = Release;
		};
		F2BAA6532A5E860900896BE4 /* Debug */ = {
			isa = XCBuildConfiguration;
			buildSettings = {
				ALWAYS_EMBED_SWIFT_STANDARD_LIBRARIES = YES;
				CODE_SIGN_STYLE = Automatic;
				CURRENT_PROJECT_VERSION = 1;
				GENERATE_INFOPLIST_FILE = YES;
				MARKETING_VERSION = 1.0;
				PRODUCT_BUNDLE_IDENTIFIER = com.pnx.swiftuipracticeUITests;
				PRODUCT_NAME = "$(TARGET_NAME)";
				SWIFT_EMIT_LOC_STRINGS = NO;
				SWIFT_VERSION = 5.0;
				TARGETED_DEVICE_FAMILY = "1,2";
				TEST_TARGET_NAME = CustomChartWithSwiftUI;
			};
			name = Debug;
		};
		F2BAA6542A5E860900896BE4 /* Release */ = {
			isa = XCBuildConfiguration;
			buildSettings = {
				ALWAYS_EMBED_SWIFT_STANDARD_LIBRARIES = YES;
				CODE_SIGN_STYLE = Automatic;
				CURRENT_PROJECT_VERSION = 1;
				GENERATE_INFOPLIST_FILE = YES;
				MARKETING_VERSION = 1.0;
				PRODUCT_BUNDLE_IDENTIFIER = com.pnx.swiftuipracticeUITests;
				PRODUCT_NAME = "$(TARGET_NAME)";
				SWIFT_EMIT_LOC_STRINGS = NO;
				SWIFT_VERSION = 5.0;
				TARGETED_DEVICE_FAMILY = "1,2";
				TEST_TARGET_NAME = CustomChartWithSwiftUI;
			};
			name = Release;
		};
/* End XCBuildConfiguration section */

/* Begin XCConfigurationList section */
		F2BAA6232A5E860800896BE4 /* Build configuration list for PBXProject "SwiftUIPractice" */ = {
			isa = XCConfigurationList;
			buildConfigurations = (
				F2BAA64A2A5E860900896BE4 /* Debug */,
				F2BAA64B2A5E860900896BE4 /* Release */,
			);
			defaultConfigurationIsVisible = 0;
			defaultConfigurationName = Release;
		};
		F2BAA64C2A5E860900896BE4 /* Build configuration list for PBXNativeTarget "SwiftUIPractice" */ = {
			isa = XCConfigurationList;
			buildConfigurations = (
				F2BAA64D2A5E860900896BE4 /* Debug */,
				F2BAA64E2A5E860900896BE4 /* Release */,
			);
			defaultConfigurationIsVisible = 0;
			defaultConfigurationName = Release;
		};
		F2BAA64F2A5E860900896BE4 /* Build configuration list for PBXNativeTarget "SwiftUIPracticeTests" */ = {
			isa = XCConfigurationList;
			buildConfigurations = (
				F2BAA6502A5E860900896BE4 /* Debug */,
				F2BAA6512A5E860900896BE4 /* Release */,
			);
			defaultConfigurationIsVisible = 0;
			defaultConfigurationName = Release;
		};
		F2BAA6522A5E860900896BE4 /* Build configuration list for PBXNativeTarget "SwiftUIPracticeUITests" */ = {
			isa = XCConfigurationList;
			buildConfigurations = (
				F2BAA6532A5E860900896BE4 /* Debug */,
				F2BAA6542A5E860900896BE4 /* Release */,
			);
			defaultConfigurationIsVisible = 0;
			defaultConfigurationName = Release;
		};
/* End XCConfigurationList section */

/* Begin XCRemoteSwiftPackageReference section */
		F2BAA6632A5E8BED00896BE4 /* XCRemoteSwiftPackageReference "RxSwift" */ = {
			isa = XCRemoteSwiftPackageReference;
			repositoryURL = "https://github.com/ReactiveX/RxSwift.git";
			requirement = {
				kind = upToNextMajorVersion;
				minimumVersion = 6.0.0;
			};
		};
/* End XCRemoteSwiftPackageReference section */

/* Begin XCSwiftPackageProductDependency section */
		F2BAA6642A5E8BED00896BE4 /* RxCocoa */ = {
			isa = XCSwiftPackageProductDependency;
			package = F2BAA6632A5E8BED00896BE4 /* XCRemoteSwiftPackageReference "RxSwift" */;
			productName = RxCocoa;
		};
		F2BAA6662A5E8BED00896BE4 /* RxSwift */ = {
			isa = XCSwiftPackageProductDependency;
			package = F2BAA6632A5E8BED00896BE4 /* XCRemoteSwiftPackageReference "RxSwift" */;
			productName = RxSwift;
		};
/* End XCSwiftPackageProductDependency section */
	};
	rootObject = F2BAA6202A5E860800896BE4 /* Project object */;
}
